
Microsoft Visual Studio Solution File, Format Version 12.00
# Visual Studio 15
VisualStudioVersion = 15.0.27703.2026
MinimumVisualStudioVersion = 10.0.40219.1
Project("{FAE04EC0-301F-11D3-BF4B-00C04F79EFBC}") = "MethodExercises", "MethodExercises\MethodExercises.csproj", "{18750374-2F9A-4AEE-8A7D-CD3E7B0D6504}"
EndProject
Global
	GlobalSection(SolutionConfigurationPlatforms) = preSolution
		Debug|Any CPU = Debug|Any CPU
		Release|Any CPU = Release|Any CPU
	EndGlobalSection
	GlobalSection(ProjectConfigurationPlatforms) = postSolution
		{18750374-2F9A-4AEE-8A7D-CD3E7B0D6504}.Debug|Any CPU.ActiveCfg = Debug|Any CPU
		{18750374-2F9A-4AEE-8A7D-CD3E7B0D6504}.Debug|Any CPU.Build.0 = Debug|Any CPU
		{18750374-2F9A-4AEE-8A7D-CD3E7B0D6504}.Release|Any CPU.ActiveCfg = Release|Any CPU
		{18750374-2F9A-4AEE-8A7D-CD3E7B0D6504}.Release|Any CPU.Build.0 = Release|Any CPU
	EndGlobalSection
	GlobalSection(SolutionProperties) = preSolution
		HideSolutionNode = FALSE
	EndGlobalSection
	GlobalSection(ExtensibilityGlobals) = postSolution
		SolutionGuid = {1221E4B3-FCB3-4DDF-A051-E4DF95442AA2}
	EndGlobalSection
EndGlobal
